{
  "name": "mod",
  "version": "0.0.1",
  "lockfileVersion": 3,
  "requires": true,
  "packages": {
    "": {
      "name": "mod",
      "version": "0.0.1",
      "dependencies": {
        "postcss-unprefix": "^2.1.4"
      },
      "engines": {
        "vscode": "^1.74.0"
      }
    },
    "node_modules/postcss": {
      "version": "8.4.21",
      "resolved": "https://registry.npmjs.org/postcss/-/postcss-8.4.21.tgz",
      "integrity": "sha512-tP7u/Sn/dVxK2NnruI4H9BG+x+Wxz6oeZ1cJ8P6G/PZY0IKk4k/63TDsQf2kQq3+qoJeLm2kIBUNlZe3zgb4Zg==",
      "funding": [
        {
          "type": "opencollective",
          "url": "https://opencollective.com/postcss/"
        },
        {
          "type": "tidelift",
          "url": "https://tidelift.com/funding/github/npm/postcss"
        }
      ],
      "peer": true,
      "dependencies": {
        "nanoid": "^3.3.4",
        "picocolors": "^1.0.0",
        "source-map-js": "^1.0.2"
      },
      "engines": {
        "node": "^10 || ^12 || >=14"
      }
    },
    "node_modules/postcss-unprefix": {
      "version": "2.1.4",
      "resolved": "https://registry.npmjs.org/postcss-unprefix/-/postcss-unprefix-2.1.4.tgz",
      "integrity": "sha512-s+muBiGIMx3RvgPTtPBnSrfvIBHJ2Zx16QZf/VDB/sAxdYP6FIzci8d1gLh0+9psu5W6zVtCbU5micNt6Zh3cg==",
      "dependencies": {
        "autoprefixer": "^9.4.3",
        "known-css-properties": "^0.11.0",
        "normalize-range": "^0.1.2",
        "postcss-selector-parser": "^5.0.0",
        "postcss-value-parser": "^3.3.1",
        "pseudo-classes": "^1.0.0",
        "pseudo-elements": "^1.1.0"
      },
      "peerDependencies": {
        "postcss": ">=5.0.0"
      }
    },
    "node_modules/postcss-unprefix/node_modules/autoprefixer": {
      "version": "9.8.8",
      "resolved": "https://registry.npmjs.org/autoprefixer/-/autoprefixer-9.8.8.tgz",
      "integrity": "sha512-eM9d/swFopRt5gdJ7jrpCwgvEMIayITpojhkkSMRsFHYuH5bkSQ4p/9qTEHtmNudUZh22Tehu7I6CxAW0IXTKA==",
      "dependencies": {
        "browserslist": "^4.12.0",
        "caniuse-lite": "^1.0.30001109",
        "normalize-range": "^0.1.2",
        "num2fraction": "^1.2.2",
        "picocolors": "^0.2.1",
        "postcss": "^7.0.32",
        "postcss-value-parser": "^4.1.0"
      },
      "bin": {
        "autoprefixer": "bin/autoprefixer"
      },
      "funding": {
        "type": "tidelift",
        "url": "https://tidelift.com/funding/github/npm/autoprefixer"
      }
    },
    "node_modules/postcss-unprefix/node_modules/autoprefixer/node_modules/postcss": {
      "version": "7.0.39",
      "resolved": "https://registry.npmjs.org/postcss/-/postcss-7.0.39.tgz",
      "integrity": "sha512-yioayjNbHn6z1/Bywyb2Y4s3yvDAeXGOyxqD+LnVOinq6Mdmd++SW2wUNVzavyyHxd6+DxzWGIuosg6P1Rj8uA==",
      "dependencies": {
        "picocolors": "^0.2.1",
        "source-map": "^0.6.1"
      },
      "engines": {
        "node": ">=6.0.0"
      },
      "funding": {
        "type": "opencollective",
        "url": "https://opencollective.com/postcss/"
      }
    },
    "node_modules/postcss-unprefix/node_modules/autoprefixer/node_modules/postcss-value-parser": {
      "version": "4.2.0",
      "resolved": "https://registry.npmjs.org/postcss-value-parser/-/postcss-value-parser-4.2.0.tgz",
      "integrity": "sha512-1NNCs6uurfkVbeXG4S8JFT9t19m45ICnif8zWLd5oPSZ50QnwMfK+H3jv408d4jw/7Bttv5axS5IiHoLaVNHeQ=="
    },
    "node_modules/postcss-unprefix/node_modules/browserslist": {
      "version": "4.21.4",
      "resolved": "https://registry.npmjs.org/browserslist/-/browserslist-4.21.4.tgz",
      "integrity": "sha512-CBHJJdDmgjl3daYjN5Cp5kbTf1mUhZoS+beLklHIvkOWscs83YAhLlF3Wsh/lciQYAcbBJgTOD44VtG31ZM4Hw==",
      "funding": [
        {
          "type": "opencollective",
          "url": "https://opencollective.com/browserslist"
        },
        {
          "type": "tidelift",
          "url": "https://tidelift.com/funding/github/npm/browserslist"
        }
      ],
      "dependencies": {
        "caniuse-lite": "^1.0.30001400",
        "electron-to-chromium": "^1.4.251",
        "node-releases": "^2.0.6",
        "update-browserslist-db": "^1.0.9"
      },
      "bin": {
        "browserslist": "cli.js"
      },
      "engines": {
        "node": "^6 || ^7 || ^8 || ^9 || ^10 || ^11 || ^12 || >=13.7"
      }
    },
    "node_modules/postcss-unprefix/node_modules/caniuse-lite": {
      "version": "1.0.30001443",
      "resolved": "https://registry.npmjs.org/caniuse-lite/-/caniuse-lite-1.0.30001443.tgz",
      "integrity": "sha512-jUo8svymO8+Mkj3qbUbVjR8zv8LUGpGkUM/jKvc9SO2BvjCI980dp9fQbf/dyLs6RascPzgR4nhAKFA4OHeSaA==",
      "funding": [
        {
          "type": "opencollective",
          "url": "https://opencollective.com/browserslist"
        },
        {
          "type": "tidelift",
          "url": "https://tidelift.com/funding/github/npm/caniuse-lite"
        }
      ]
    },
    "node_modules/postcss-unprefix/node_modules/cssesc": {
      "version": "2.0.0",
      "resolved": "https://registry.npmjs.org/cssesc/-/cssesc-2.0.0.tgz",
      "integrity": "sha512-MsCAG1z9lPdoO/IUMLSBWBSVxVtJ1395VGIQ+Fc2gNdkQ1hNDnQdw3YhA71WJCBW1vdwA0cAnk/DnW6bqoEUYg==",
      "bin": {
        "cssesc": "bin/cssesc"
      },
      "engines": {
        "node": ">=4"
      }
    },
    "node_modules/postcss-unprefix/node_modules/electron-to-chromium": {
      "version": "1.4.284",
      "resolved": "https://registry.npmjs.org/electron-to-chromium/-/electron-to-chromium-1.4.284.tgz",
      "integrity": "sha512-M8WEXFuKXMYMVr45fo8mq0wUrrJHheiKZf6BArTKk9ZBYCKJEOU5H8cdWgDT+qCVZf7Na4lVUaZsA+h6uA9+PA=="
    },
    "node_modules/postcss-unprefix/node_modules/escalade": {
      "version": "3.1.1",
      "resolved": "https://registry.npmjs.org/escalade/-/escalade-3.1.1.tgz",
      "integrity": "sha512-k0er2gUkLf8O0zKJiAhmkTnJlTvINGv7ygDNPbeIsX/TJjGJZHuh9B2UxbsaEkmlEo9MfhrSzmhIlhRlI2GXnw==",
      "engines": {
        "node": ">=6"
      }
    },
    "node_modules/postcss-unprefix/node_modules/indexes-of": {
      "version": "1.0.1",
      "resolved": "https://registry.npmjs.org/indexes-of/-/indexes-of-1.0.1.tgz",
      "integrity": "sha512-bup+4tap3Hympa+JBJUG7XuOsdNQ6fxt0MHyXMKuLBKn0OqsTfvUxkUrroEX1+B2VsSHvCjiIcZVxRtYa4nllA=="
    },
    "node_modules/postcss-unprefix/node_modules/known-css-properties": {
      "version": "0.11.0",
      "resolved": "https://registry.npmjs.org/known-css-properties/-/known-css-properties-0.11.0.tgz",
      "integrity": "sha512-bEZlJzXo5V/ApNNa5z375mJC6Nrz4vG43UgcSCrg2OHC+yuB6j0iDSrY7RQ/+PRofFB03wNIIt9iXIVLr4wc7w=="
    },
    "node_modules/postcss-unprefix/node_modules/node-releases": {
      "version": "2.0.8",
      "resolved": "https://registry.npmjs.org/node-releases/-/node-releases-2.0.8.tgz",
      "integrity": "sha512-dFSmB8fFHEH/s81Xi+Y/15DQY6VHW81nXRj86EMSL3lmuTmK1e+aT4wrFCkTbm+gSwkw4KpX+rT/pMM2c1mF+A=="
    },
    "node_modules/postcss-unprefix/node_modules/normalize-range": {
      "version": "0.1.2",
      "resolved": "https://registry.npmjs.org/normalize-range/-/normalize-range-0.1.2.tgz",
      "integrity": "sha512-bdok/XvKII3nUpklnV6P2hxtMNrCboOjAcyBuQnWEhO665FwrSNRxU+AqpsyvO6LgGYPspN+lu5CLtw4jPRKNA==",
      "engines": {
        "node": ">=0.10.0"
      }
    },
    "node_modules/postcss-unprefix/node_modules/num2fraction": {
      "version": "1.2.2",
      "resolved": "https://registry.npmjs.org/num2fraction/-/num2fraction-1.2.2.tgz",
      "integrity": "sha512-Y1wZESM7VUThYY+4W+X4ySH2maqcA+p7UR+w8VWNWVAd6lwuXXWz/w/Cz43J/dI2I+PS6wD5N+bJUF+gjWvIqg=="
    },
    "node_modules/postcss-unprefix/node_modules/picocolors": {
      "version": "0.2.1",
      "resolved": "https://registry.npmjs.org/picocolors/-/picocolors-0.2.1.tgz",
      "integrity": "sha512-cMlDqaLEqfSaW8Z7N5Jw+lyIW869EzT73/F5lhtY9cLGoVxSXznfgfXMO0Z5K0o0Q2TkTXq+0KFsdnSe3jDViA=="
    },
    "node_modules/postcss-unprefix/node_modules/postcss-selector-parser": {
      "version": "5.0.0",
      "resolved": "https://registry.npmjs.org/postcss-selector-parser/-/postcss-selector-parser-5.0.0.tgz",
      "integrity": "sha512-w+zLE5Jhg6Liz8+rQOWEAwtwkyqpfnmsinXjXg6cY7YIONZZtgvE0v2O0uhQBs0peNomOJwWRKt6JBfTdTd3OQ==",
      "dependencies": {
        "cssesc": "^2.0.0",
        "indexes-of": "^1.0.1",
        "uniq": "^1.0.1"
      },
      "engines": {
        "node": ">=4"
      }
    },
    "node_modules/postcss-unprefix/node_modules/postcss-value-parser": {
      "version": "3.3.1",
      "resolved": "https://registry.npmjs.org/postcss-value-parser/-/postcss-value-parser-3.3.1.tgz",
      "integrity": "sha512-pISE66AbVkp4fDQ7VHBwRNXzAAKJjw4Vw7nWI/+Q3vuly7SNfgYXvm6i5IgFylHGK5sP/xHAbB7N49OS4gWNyQ=="
    },
    "node_modules/postcss-unprefix/node_modules/pseudo-classes": {
      "version": "1.0.0",
      "resolved": "https://registry.npmjs.org/pseudo-classes/-/pseudo-classes-1.0.0.tgz",
      "integrity": "sha512-s3l2tOm0vTmDL4muvRfGMnAxJ0kYSeuZu+wOjNTHsm/4UtDGBZ8sMl0jPwwJgo+wRw2EQqVjqHdjIUcLzGgnJw=="
    },
    "node_modules/postcss-unprefix/node_modules/pseudo-elements": {
      "version": "1.1.0",
      "resolved": "https://registry.npmjs.org/pseudo-elements/-/pseudo-elements-1.1.0.tgz",
      "integrity": "sha512-+Lhs/odu0/h4slKf1/vvAIwrsl+1LNPb1cllAmVsf+yW/k3pE8wTZRqsdCToeu+zzeixGk+q3uuArFd0cl2Aiw=="
    },
    "node_modules/postcss-unprefix/node_modules/source-map": {
      "version": "0.6.1",
      "resolved": "https://registry.npmjs.org/source-map/-/source-map-0.6.1.tgz",
      "integrity": "sha512-UjgapumWlbMhkBgzT7Ykc5YXUT46F0iKu8SGXq0bcwP5dz/h0Plj6enJqjz1Zbq2l5WaqYnrVbwWOWMyF3F47g==",
      "engines": {
        "node": ">=0.10.0"
      }
    },
    "node_modules/postcss-unprefix/node_modules/uniq": {
      "version": "1.0.1",
      "resolved": "https://registry.npmjs.org/uniq/-/uniq-1.0.1.tgz",
      "integrity": "sha512-Gw+zz50YNKPDKXs+9d+aKAjVwpjNwqzvNpLigIruT4HA9lMZNdMqs9x07kKHB/L9WRzqp4+DlTU5s4wG2esdoA=="
    },
    "node_modules/postcss-unprefix/node_modules/update-browserslist-db": {
      "version": "1.0.10",
      "resolved": "https://registry.npmjs.org/update-browserslist-db/-/update-browserslist-db-1.0.10.tgz",
      "integrity": "sha512-OztqDenkfFkbSG+tRxBeAnCVPckDBcvibKd35yDONx6OU8N7sqgwc7rCbkJ/WcYtVRZ4ba68d6byhC21GFh7sQ==",
      "funding": [
        {
          "type": "opencollective",
          "url": "https://opencollective.com/browserslist"
        },
        {
          "type": "tidelift",
          "url": "https://tidelift.com/funding/github/npm/browserslist"
        }
      ],
      "dependencies": {
        "escalade": "^3.1.1",
        "picocolors": "^1.0.0"
      },
      "bin": {
        "browserslist-lint": "cli.js"
      },
      "peerDependencies": {
        "browserslist": ">= 4.21.0"
      }
    },
    "node_modules/postcss-unprefix/node_modules/update-browserslist-db/node_modules/picocolors": {
      "version": "1.0.0",
      "resolved": "https://registry.npmjs.org/picocolors/-/picocolors-1.0.0.tgz",
      "integrity": "sha512-1fygroTLlHu66zi26VoTDv8yRgm0Fccecssto+MhsZ0D/DGW2sm8E8AjW7NU5VVTRt5GxbeZ5qBuJr+HyLYkjQ=="
    },
    "node_modules/postcss/node_modules/nanoid": {
      "version": "3.3.4",
      "resolved": "https://registry.npmjs.org/nanoid/-/nanoid-3.3.4.tgz",
      "integrity": "sha512-MqBkQh/OHTS2egovRtLk45wEyNXwF+cokD+1YPf9u5VfJiRdAiRwB2froX5Co9Rh20xs4siNPm8naNotSD6RBw==",
      "peer": true,
      "bin": {
        "nanoid": "bin/nanoid.cjs"
      },
      "engines": {
        "node": "^10 || ^12 || ^13.7 || ^14 || >=15.0.1"
      }
    },
    "node_modules/postcss/node_modules/picocolors": {
      "version": "1.0.0",
      "resolved": "https://registry.npmjs.org/picocolors/-/picocolors-1.0.0.tgz",
      "integrity": "sha512-1fygroTLlHu66zi26VoTDv8yRgm0Fccecssto+MhsZ0D/DGW2sm8E8AjW7NU5VVTRt5GxbeZ5qBuJr+HyLYkjQ==",
      "peer": true
    },
    "node_modules/postcss/node_modules/source-map-js": {
      "version": "1.0.2",
      "resolved": "https://registry.npmjs.org/source-map-js/-/source-map-js-1.0.2.tgz",
      "integrity": "sha512-R0XvVJ9WusLiqTCEiGCmICCMplcCkIwwR11mOSD9CR5u+IXYdiseeEuXCVAjS54zqwkLcPNnmU4OeJ6tUrWhDw==",
      "peer": true,
      "engines": {
        "node": ">=0.10.0"
      }
    }
  }
}
